
Microsoft Visual Studio Solution File, Format Version 12.00
# Visual Studio 15
VisualStudioVersion = 15.0.26730.12
MinimumVisualStudioVersion = 10.0.40219.1
Project("{FAE04EC0-301F-11D3-BF4B-00C04F79EFBC}") = "Gamut.WebApi", "Gamut.WebApp\Gamut.WebApi.csproj", "{99E00197-E3A1-4B88-90F0-E5027E0BFBE4}"
EndProject
Global
	GlobalSection(SolutionConfigurationPlatforms) = preSolution
		Debug|Any CPU = Debug|Any CPU
		Release|Any CPU = Release|Any CPU
	EndGlobalSection
	GlobalSection(ProjectConfigurationPlatforms) = postSolution
		{99E00197-E3A1-4B88-90F0-E5027E0BFBE4}.Debug|Any CPU.ActiveCfg = Debug|Any CPU
		{99E00197-E3A1-4B88-90F0-E5027E0BFBE4}.Debug|Any CPU.Build.0 = Debug|Any CPU
		{99E00197-E3A1-4B88-90F0-E5027E0BFBE4}.Release|Any CPU.ActiveCfg = Release|Any CPU
		{99E00197-E3A1-4B88-90F0-E5027E0BFBE4}.Release|Any CPU.Build.0 = Release|Any CPU
	EndGlobalSection
	GlobalSection(SolutionProperties) = preSolution
		HideSolutionNode = FALSE
	EndGlobalSection
	GlobalSection(ExtensibilityGlobals) = postSolution
		SolutionGuid = {547F93B6-72DF-490F-844D-71F4FA2F7E3C}
	EndGlobalSection
EndGlobal
